{
  "version": 4,
  "terraform_version": "1.4.6",
  "serial": 1,
  "lineage": "585d2610-1ff4-bff8-9079-fb2d6a4befe6",
  "outputs": {},
  "resources": [
    {
      "mode": "managed",
      "type": "local_file",
      "name": "example_js",
      "provider": "provider[\"registry.terraform.io/hashicorp/local\"]",
      "instances": [
        {
          "schema_version": 0,
          "attributes": {
            "content": "const INSTANCE_ID = 'KO0954R8l'\nconst NODE_ENV = 'staging'",
            "content_base64": null,
            "content_base64sha256": "c49patyqf2iNLMqH1SP3e7LLGSEzzLFxTDaxMXxDeC0=",
            "content_base64sha512": "HHgUhcUkB2XVWCgrHY+AWHr8iydZ3Unw5DWseSNa9ZLze3xvGmyPk7Q6X/hkENbxsgei7ul4aKfceYHcnHTjDQ==",
            "content_md5": "c4ad1a888466802018f63af52970cec1",
            "content_sha1": "22f1549ac3e9ef0e89d43d269a9a96f5cbfa654d",
            "content_sha256": "738f696adcaa7f688d2cca87d523f77bb2cb192133ccb1714c36b1317c43782d",
            "content_sha512": "1c781485c5240765d558282b1d8f80587afc8b2759dd49f0e435ac79235af592f37b7c6f1a6c8f93b43a5ff86410d6f1b207a2eee97868a7dc7981dc9c74e30d",
            "directory_permission": "0777",
            "file_permission": "0777",
            "filename": "example-test.js",
            "id": "22f1549ac3e9ef0e89d43d269a9a96f5cbfa654d",
            "sensitive_content": null,
            "source": null
          },
          "sensitive_attributes": []
        }
      ]
    }
  ],
  "check_results": null
}
